// !$*UTF8*$!
{
	archiveVersion = 1;
	classes = {
	};
	objectVersion = 50;
	objects = {

/* Begin PBXBuildFile section */
		D55F93A8250AA04500EF0C06 /* CircleImage.swift in Sources */ = {isa = PBXBuildFile; fileRef = D55F93A7250AA04500EF0C06 /* CircleImage.swift */; };
		D55F93AA250AA3AF00EF0C06 /* GradientView.swift in Sources */ = {isa = PBXBuildFile; fileRef = D55F93A9250AA3AF00EF0C06 /* GradientView.swift */; };
		D567D05324F3C4EE00039168 /* AppDelegate.swift in Sources */ = {isa = PBXBuildFile; fileRef = D567D05224F3C4EE00039168 /* AppDelegate.swift */; };
		D567D05524F3C4EE00039168 /* SceneDelegate.swift in Sources */ = {isa = PBXBuildFile; fileRef = D567D05424F3C4EE00039168 /* SceneDelegate.swift */; };
		D567D05A24F3C4EE00039168 /* Main.storyboard in Resources */ = {isa = PBXBuildFile; fileRef = D567D05824F3C4EE00039168 /* Main.storyboard */; };
		D567D05C24F3C4F100039168 /* Assets.xcassets in Resources */ = {isa = PBXBuildFile; fileRef = D567D05B24F3C4F100039168 /* Assets.xcassets */; };
		D567D05F24F3C4F100039168 /* LaunchScreen.storyboard in Resources */ = {isa = PBXBuildFile; fileRef = D567D05D24F3C4F100039168 /* LaunchScreen.storyboard */; };
		D567D06724F8466F00039168 /* loginFormController.swift in Sources */ = {isa = PBXBuildFile; fileRef = D567D06624F8466F00039168 /* loginFormController.swift */; };
		D567D07024F909FE00039168 /* FullCityListController.swift in Sources */ = {isa = PBXBuildFile; fileRef = D567D06F24F909FE00039168 /* FullCityListController.swift */; };
		D567D07424F9227200039168 /* FavoriteCityList.swift in Sources */ = {isa = PBXBuildFile; fileRef = D567D07324F9227200039168 /* FavoriteCityList.swift */; };
		D56A2664250AC0E800D131C4 /* FriendsPhotoCollectionViewController.swift in Sources */ = {isa = PBXBuildFile; fileRef = D56A2663250AC0E800D131C4 /* FriendsPhotoCollectionViewController.swift */; };
		D56A2666250AC23800D131C4 /* FriendsPhotoCollectionViewCell.swift in Sources */ = {isa = PBXBuildFile; fileRef = D56A2665250AC23800D131C4 /* FriendsPhotoCollectionViewCell.swift */; };
		D5DD80B725015F0000CED7B9 /* CityWeatherCollectionViewController.swift in Sources */ = {isa = PBXBuildFile; fileRef = D5DD80B625015F0000CED7B9 /* CityWeatherCollectionViewController.swift */; };
		D5DD80B92501623800CED7B9 /* WeatherCellCollectionViewCell.swift in Sources */ = {isa = PBXBuildFile; fileRef = D5DD80B82501623800CED7B9 /* WeatherCellCollectionViewCell.swift */; };
		D5F1B9552504ED1600149D78 /* FriendsTableViewController.swift in Sources */ = {isa = PBXBuildFile; fileRef = D5F1B9542504ED1600149D78 /* FriendsTableViewController.swift */; };
		D5F1B9572504F74300149D78 /* FriendsTableViewCell.swift in Sources */ = {isa = PBXBuildFile; fileRef = D5F1B9562504F74300149D78 /* FriendsTableViewCell.swift */; };
		D5F1B95E25053B4500149D78 /* FriendsCollectionViewController.swift in Sources */ = {isa = PBXBuildFile; fileRef = D5F1B95D25053B4500149D78 /* FriendsCollectionViewController.swift */; };
/* End PBXBuildFile section */

/* Begin PBXFileReference section */
		D55F93A7250AA04500EF0C06 /* CircleImage.swift */ = {isa = PBXFileReference; lastKnownFileType = sourcecode.swift; path = CircleImage.swift; sourceTree = "<group>"; };
		D55F93A9250AA3AF00EF0C06 /* GradientView.swift */ = {isa = PBXFileReference; lastKnownFileType = sourcecode.swift; path = GradientView.swift; sourceTree = "<group>"; };
		D567D04F24F3C4EE00039168 /* App_Ilyushkin_Mikhail.app */ = {isa = PBXFileReference; explicitFileType = wrapper.application; includeInIndex = 0; path = App_Ilyushkin_Mikhail.app; sourceTree = BUILT_PRODUCTS_DIR; };
		D567D05224F3C4EE00039168 /* AppDelegate.swift */ = {isa = PBXFileReference; lastKnownFileType = sourcecode.swift; path = AppDelegate.swift; sourceTree = "<group>"; };
		D567D05424F3C4EE00039168 /* SceneDelegate.swift */ = {isa = PBXFileReference; lastKnownFileType = sourcecode.swift; path = SceneDelegate.swift; sourceTree = "<group>"; };
		D567D05924F3C4EE00039168 /* Base */ = {isa = PBXFileReference; lastKnownFileType = file.storyboard; name = Base; path = Base.lproj/Main.storyboard; sourceTree = "<group>"; };
		D567D05B24F3C4F100039168 /* Assets.xcassets */ = {isa = PBXFileReference; lastKnownFileType = folder.assetcatalog; path = Assets.xcassets; sourceTree = "<group>"; };
		D567D05E24F3C4F100039168 /* Base */ = {isa = PBXFileReference; lastKnownFileType = file.storyboard; name = Base; path = Base.lproj/LaunchScreen.storyboard; sourceTree = "<group>"; };
		D567D06024F3C4F100039168 /* Info.plist */ = {isa = PBXFileReference; lastKnownFileType = text.plist.xml; path = Info.plist; sourceTree = "<group>"; };
		D567D06624F8466F00039168 /* loginFormController.swift */ = {isa = PBXFileReference; lastKnownFileType = sourcecode.swift; path = loginFormController.swift; sourceTree = "<group>"; };
		D567D06F24F909FE00039168 /* FullCityListController.swift */ = {isa = PBXFileReference; lastKnownFileType = sourcecode.swift; path = FullCityListController.swift; sourceTree = "<group>"; };
		D567D07324F9227200039168 /* FavoriteCityList.swift */ = {isa = PBXFileReference; lastKnownFileType = sourcecode.swift; path = FavoriteCityList.swift; sourceTree = "<group>"; };
		D56A2663250AC0E800D131C4 /* FriendsPhotoCollectionViewController.swift */ = {isa = PBXFileReference; lastKnownFileType = sourcecode.swift; path = FriendsPhotoCollectionViewController.swift; sourceTree = "<group>"; };
		D56A2665250AC23800D131C4 /* FriendsPhotoCollectionViewCell.swift */ = {isa = PBXFileReference; lastKnownFileType = sourcecode.swift; path = FriendsPhotoCollectionViewCell.swift; sourceTree = "<group>"; };
		D5868E6F250005A900EC2129 /* App_Ilyushkin_Mikhail.entitlements */ = {isa = PBXFileReference; lastKnownFileType = text.plist.entitlements; path = App_Ilyushkin_Mikhail.entitlements; sourceTree = "<group>"; };
		D5DD80B625015F0000CED7B9 /* CityWeatherCollectionViewController.swift */ = {isa = PBXFileReference; lastKnownFileType = sourcecode.swift; path = CityWeatherCollectionViewController.swift; sourceTree = "<group>"; };
		D5DD80B82501623800CED7B9 /* WeatherCellCollectionViewCell.swift */ = {isa = PBXFileReference; lastKnownFileType = sourcecode.swift; path = WeatherCellCollectionViewCell.swift; sourceTree = "<group>"; };
		D5F1B9542504ED1600149D78 /* FriendsTableViewController.swift */ = {isa = PBXFileReference; lastKnownFileType = sourcecode.swift; path = FriendsTableViewController.swift; sourceTree = "<group>"; };
		D5F1B9562504F74300149D78 /* FriendsTableViewCell.swift */ = {isa = PBXFileReference; lastKnownFileType = sourcecode.swift; path = FriendsTableViewCell.swift; sourceTree = "<group>"; };
		D5F1B95D25053B4500149D78 /* FriendsCollectionViewController.swift */ = {isa = PBXFileReference; lastKnownFileType = sourcecode.swift; path = FriendsCollectionViewController.swift; sourceTree = "<group>"; };
/* End PBXFileReference section */

/* Begin PBXFrameworksBuildPhase section */
		D567D04C24F3C4EE00039168 /* Frameworks */ = {
			isa = PBXFrameworksBuildPhase;
			buildActionMask = 2147483647;
			files = (
			);
			runOnlyForDeploymentPostprocessing = 0;
		};
/* End PBXFrameworksBuildPhase section */

/* Begin PBXGroup section */
		D55F93A6250A9E7100EF0C06 /* Modal */ = {
			isa = PBXGroup;
			children = (
				D55F93A7250AA04500EF0C06 /* CircleImage.swift */,
				D55F93A9250AA3AF00EF0C06 /* GradientView.swift */,
			);
			path = Modal;
			sourceTree = "<group>";
		};
		D565DF032501457A005FE85B /* Login */ = {
			isa = PBXGroup;
			children = (
				D567D06624F8466F00039168 /* loginFormController.swift */,
			);
			path = Login;
			sourceTree = "<group>";
		};
		D565DF0425014591005FE85B /* Other */ = {
			isa = PBXGroup;
			children = (
				D567D05B24F3C4F100039168 /* Assets.xcassets */,
				D567D05224F3C4EE00039168 /* AppDelegate.swift */,
				D567D05424F3C4EE00039168 /* SceneDelegate.swift */,
				D567D06024F3C4F100039168 /* Info.plist */,
				D5868E6F250005A900EC2129 /* App_Ilyushkin_Mikhail.entitlements */,
			);
			path = Other;
			sourceTree = "<group>";
		};
		D565DF05250145A6005FE85B /* Storyboard */ = {
			isa = PBXGroup;
			children = (
				D567D05824F3C4EE00039168 /* Main.storyboard */,
				D567D05D24F3C4F100039168 /* LaunchScreen.storyboard */,
			);
			path = Storyboard;
			sourceTree = "<group>";
		};
		D567D04624F3C4EE00039168 = {
			isa = PBXGroup;
			children = (
				D567D05124F3C4EE00039168 /* App_Ilyushkin_Mikhail */,
				D567D05024F3C4EE00039168 /* Products */,
			);
			sourceTree = "<group>";
		};
		D567D05024F3C4EE00039168 /* Products */ = {
			isa = PBXGroup;
			children = (
				D567D04F24F3C4EE00039168 /* App_Ilyushkin_Mikhail.app */,
			);
			name = Products;
			sourceTree = "<group>";
		};
		D567D05124F3C4EE00039168 /* App_Ilyushkin_Mikhail */ = {
			isa = PBXGroup;
			children = (
				D5F1B9532504049700149D78 /* Friends */,
				D5F1B9522504048800149D78 /* Groups */,
				D565DF032501457A005FE85B /* Login */,
				D565DF05250145A6005FE85B /* Storyboard */,
				D55F93A6250A9E7100EF0C06 /* Modal */,
				D565DF0425014591005FE85B /* Other */,
			);
			path = App_Ilyushkin_Mikhail;
			sourceTree = "<group>";
		};
		D567D06824F84D9000039168 /* FullGroupsList */ = {
			isa = PBXGroup;
			children = (
				D567D06F24F909FE00039168 /* FullCityListController.swift */,
			);
			path = FullGroupsList;
			sourceTree = "<group>";
		};
		D567D07524F922AA00039168 /* FavoriteGroupList */ = {
			isa = PBXGroup;
			children = (
				D567D07324F9227200039168 /* FavoriteCityList.swift */,
			);
			path = FavoriteGroupList;
			sourceTree = "<group>";
		};
		D5DD80B32501531A00CED7B9 /* CurrentGroupInfo */ = {
			isa = PBXGroup;
			children = (
				D5DD80B625015F0000CED7B9 /* CityWeatherCollectionViewController.swift */,
				D5DD80B82501623800CED7B9 /* WeatherCellCollectionViewCell.swift */,
			);
			path = CurrentGroupInfo;
			sourceTree = "<group>";
		};
		D5F1B9522504048800149D78 /* Groups */ = {
			isa = PBXGroup;
			children = (
				D5DD80B32501531A00CED7B9 /* CurrentGroupInfo */,
				D567D06824F84D9000039168 /* FullGroupsList */,
				D567D07524F922AA00039168 /* FavoriteGroupList */,
			);
			path = Groups;
			sourceTree = "<group>";
		};
		D5F1B9532504049700149D78 /* Friends */ = {
			isa = PBXGroup;
			children = (
				D5F1B95A250524BB00149D78 /* FriendsPhoto */,
				D5F1B9592505113B00149D78 /* SelectedFriend */,
				D5F1B9582505111500149D78 /* FriendsList */,
			);
			path = Friends;
			sourceTree = "<group>";
		};
		D5F1B9582505111500149D78 /* FriendsList */ = {
			isa = PBXGroup;
			children = (
				D5F1B9542504ED1600149D78 /* FriendsTableViewController.swift */,
				D5F1B9562504F74300149D78 /* FriendsTableViewCell.swift */,
			);
			path = FriendsList;
			sourceTree = "<group>";
		};
		D5F1B9592505113B00149D78 /* SelectedFriend */ = {
			isa = PBXGroup;
			children = (
				D5F1B95D25053B4500149D78 /* FriendsCollectionViewController.swift */,
			);
			path = SelectedFriend;
			sourceTree = "<group>";
		};
		D5F1B95A250524BB00149D78 /* FriendsPhoto */ = {
			isa = PBXGroup;
			children = (
				D56A2663250AC0E800D131C4 /* FriendsPhotoCollectionViewController.swift */,
				D56A2665250AC23800D131C4 /* FriendsPhotoCollectionViewCell.swift */,
			);
			path = FriendsPhoto;
			sourceTree = "<group>";
		};
/* End PBXGroup section */

/* Begin PBXNativeTarget section */
		D567D04E24F3C4EE00039168 /* App_Ilyushkin_Mikhail */ = {
			isa = PBXNativeTarget;
			buildConfigurationList = D567D06324F3C4F100039168 /* Build configuration list for PBXNativeTarget "App_Ilyushkin_Mikhail" */;
			buildPhases = (
				D567D04B24F3C4EE00039168 /* Sources */,
				D567D04C24F3C4EE00039168 /* Frameworks */,
				D567D04D24F3C4EE00039168 /* Resources */,
			);
			buildRules = (
			);
			dependencies = (
			);
			name = App_Ilyushkin_Mikhail;
			productName = App_Ilyushkin_Mikhail;
			productReference = D567D04F24F3C4EE00039168 /* App_Ilyushkin_Mikhail.app */;
			productType = "com.apple.product-type.application";
		};
/* End PBXNativeTarget section */

/* Begin PBXProject section */
		D567D04724F3C4EE00039168 /* Project object */ = {
			isa = PBXProject;
			attributes = {
				LastSwiftUpdateCheck = 1160;
				LastUpgradeCheck = 1160;
				ORGANIZATIONNAME = "Michael Iliouchkin";
				TargetAttributes = {
					D567D04E24F3C4EE00039168 = {
						CreatedOnToolsVersion = 11.6;
					};
				};
			};
			buildConfigurationList = D567D04A24F3C4EE00039168 /* Build configuration list for PBXProject "App_Ilyushkin_Mikhail" */;
			compatibilityVersion = "Xcode 9.3";
			developmentRegion = en;
			hasScannedForEncodings = 0;
			knownRegions = (
				en,
				Base,
			);
			mainGroup = D567D04624F3C4EE00039168;
			productRefGroup = D567D05024F3C4EE00039168 /* Products */;
			projectDirPath = "";
			projectRoot = "";
			targets = (
				D567D04E24F3C4EE00039168 /* App_Ilyushkin_Mikhail */,
			);
		};
/* End PBXProject section */

/* Begin PBXResourcesBuildPhase section */
		D567D04D24F3C4EE00039168 /* Resources */ = {
			isa = PBXResourcesBuildPhase;
			buildActionMask = 2147483647;
			files = (
				D567D05F24F3C4F100039168 /* LaunchScreen.storyboard in Resources */,
				D567D05C24F3C4F100039168 /* Assets.xcassets in Resources */,
				D567D05A24F3C4EE00039168 /* Main.storyboard in Resources */,
			);
			runOnlyForDeploymentPostprocessing = 0;
		};
/* End PBXResourcesBuildPhase section */

/* Begin PBXSourcesBuildPhase section */
		D567D04B24F3C4EE00039168 /* Sources */ = {
			isa = PBXSourcesBuildPhase;
			buildActionMask = 2147483647;
			files = (
				D5F1B9572504F74300149D78 /* FriendsTableViewCell.swift in Sources */,
				D5DD80B92501623800CED7B9 /* WeatherCellCollectionViewCell.swift in Sources */,
				D55F93AA250AA3AF00EF0C06 /* GradientView.swift in Sources */,
				D5DD80B725015F0000CED7B9 /* CityWeatherCollectionViewController.swift in Sources */,
				D55F93A8250AA04500EF0C06 /* CircleImage.swift in Sources */,
				D5F1B9552504ED1600149D78 /* FriendsTableViewController.swift in Sources */,
				D567D05324F3C4EE00039168 /* AppDelegate.swift in Sources */,
				D567D05524F3C4EE00039168 /* SceneDelegate.swift in Sources */,
				D56A2664250AC0E800D131C4 /* FriendsPhotoCollectionViewController.swift in Sources */,
				D56A2666250AC23800D131C4 /* FriendsPhotoCollectionViewCell.swift in Sources */,
				D5F1B95E25053B4500149D78 /* FriendsCollectionViewController.swift in Sources */,
				D567D07024F909FE00039168 /* FullCityListController.swift in Sources */,
				D567D07424F9227200039168 /* FavoriteCityList.swift in Sources */,
				D567D06724F8466F00039168 /* loginFormController.swift in Sources */,
			);
			runOnlyForDeploymentPostprocessing = 0;
		};
/* End PBXSourcesBuildPhase section */

/* Begin PBXVariantGroup section */
		D567D05824F3C4EE00039168 /* Main.storyboard */ = {
			isa = PBXVariantGroup;
			children = (
				D567D05924F3C4EE00039168 /* Base */,
			);
			name = Main.storyboard;
			sourceTree = "<group>";
		};
		D567D05D24F3C4F100039168 /* LaunchScreen.storyboard */ = {
			isa = PBXVariantGroup;
			children = (
				D567D05E24F3C4F100039168 /* Base */,
			);
			name = LaunchScreen.storyboard;
			sourceTree = "<group>";
		};
/* End PBXVariantGroup section */

/* Begin XCBuildConfiguration section */
		D567D06124F3C4F100039168 /* Debug */ = {
			isa = XCBuildConfiguration;
			buildSettings = {
				ALWAYS_SEARCH_USER_PATHS = NO;
				CLANG_ANALYZER_NONNULL = YES;
				CLANG_ANALYZER_NUMBER_OBJECT_CONVERSION = YES_AGGRESSIVE;
				CLANG_CXX_LANGUAGE_STANDARD = "gnu++14";
				CLANG_CXX_LIBRARY = "libc++";
				CLANG_ENABLE_MODULES = YES;
				CLANG_ENABLE_OBJC_ARC = YES;
				CLANG_ENABLE_OBJC_WEAK = YES;
				CLANG_WARN_BLOCK_CAPTURE_AUTORELEASING = YES;
				CLANG_WARN_BOOL_CONVERSION = YES;
				CLANG_WARN_COMMA = YES;
				CLANG_WARN_CONSTANT_CONVERSION = YES;
				CLANG_WARN_DEPRECATED_OBJC_IMPLEMENTATIONS = YES;
				CLANG_WARN_DIRECT_OBJC_ISA_USAGE = YES_ERROR;
				CLANG_WARN_DOCUMENTATION_COMMENTS = YES;
				CLANG_WARN_EMPTY_BODY = YES;
				CLANG_WARN_ENUM_CONVERSION = YES;
				CLANG_WARN_INFINITE_RECURSION = YES;
				CLANG_WARN_INT_CONVERSION = YES;
				CLANG_WARN_NON_LITERAL_NULL_CONVERSION = YES;
				CLANG_WARN_OBJC_IMPLICIT_RETAIN_SELF = YES;
				CLANG_WARN_OBJC_LITERAL_CONVERSION = YES;
				CLANG_WARN_OBJC_ROOT_CLASS = YES_ERROR;
				CLANG_WARN_RANGE_LOOP_ANALYSIS = YES;
				CLANG_WARN_STRICT_PROTOTYPES = YES;
				CLANG_WARN_SUSPICIOUS_MOVE = YES;
				CLANG_WARN_UNGUARDED_AVAILABILITY = YES_AGGRESSIVE;
				CLANG_WARN_UNREACHABLE_CODE = YES;
				CLANG_WARN__DUPLICATE_METHOD_MATCH = YES;
				COPY_PHASE_STRIP = NO;
				DEBUG_INFORMATION_FORMAT = dwarf;
				ENABLE_STRICT_OBJC_MSGSEND = YES;
				ENABLE_TESTABILITY = YES;
				GCC_C_LANGUAGE_STANDARD = gnu11;
				GCC_DYNAMIC_NO_PIC = NO;
				GCC_NO_COMMON_BLOCKS = YES;
				GCC_OPTIMIZATION_LEVEL = 0;
				GCC_PREPROCESSOR_DEFINITIONS = (
					"DEBUG=1",
					"$(inherited)",
				);
				GCC_WARN_64_TO_32_BIT_CONVERSION = YES;
				GCC_WARN_ABOUT_RETURN_TYPE = YES_ERROR;
				GCC_WARN_UNDECLARED_SELECTOR = YES;
				GCC_WARN_UNINITIALIZED_AUTOS = YES_AGGRESSIVE;
				GCC_WARN_UNUSED_FUNCTION = YES;
				GCC_WARN_UNUSED_VARIABLE = YES;
				IPHONEOS_DEPLOYMENT_TARGET = 13.6;
				MTL_ENABLE_DEBUG_INFO = INCLUDE_SOURCE;
				MTL_FAST_MATH = YES;
				ONLY_ACTIVE_ARCH = YES;
				SDKROOT = iphoneos;
				SWIFT_ACTIVE_COMPILATION_CONDITIONS = DEBUG;
				SWIFT_OPTIMIZATION_LEVEL = "-Onone";
			};
			name = Debug;
		};
		D567D06224F3C4F100039168 /* Release */ = {
			isa = XCBuildConfiguration;
			buildSettings = {
				ALWAYS_SEARCH_USER_PATHS = NO;
				CLANG_ANALYZER_NONNULL = YES;
				CLANG_ANALYZER_NUMBER_OBJECT_CONVERSION = YES_AGGRESSIVE;
				CLANG_CXX_LANGUAGE_STANDARD = "gnu++14";
				CLANG_CXX_LIBRARY = "libc++";
				CLANG_ENABLE_MODULES = YES;
				CLANG_ENABLE_OBJC_ARC = YES;
				CLANG_ENABLE_OBJC_WEAK = YES;
				CLANG_WARN_BLOCK_CAPTURE_AUTORELEASING = YES;
				CLANG_WARN_BOOL_CONVERSION = YES;
				CLANG_WARN_COMMA = YES;
				CLANG_WARN_CONSTANT_CONVERSION = YES;
				CLANG_WARN_DEPRECATED_OBJC_IMPLEMENTATIONS = YES;
				CLANG_WARN_DIRECT_OBJC_ISA_USAGE = YES_ERROR;
				CLANG_WARN_DOCUMENTATION_COMMENTS = YES;
				CLANG_WARN_EMPTY_BODY = YES;
				CLANG_WARN_ENUM_CONVERSION = YES;
				CLANG_WARN_INFINITE_RECURSION = YES;
				CLANG_WARN_INT_CONVERSION = YES;
				CLANG_WARN_NON_LITERAL_NULL_CONVERSION = YES;
				CLANG_WARN_OBJC_IMPLICIT_RETAIN_SELF = YES;
				CLANG_WARN_OBJC_LITERAL_CONVERSION = YES;
				CLANG_WARN_OBJC_ROOT_CLASS = YES_ERROR;
				CLANG_WARN_RANGE_LOOP_ANALYSIS = YES;
				CLANG_WARN_STRICT_PROTOTYPES = YES;
				CLANG_WARN_SUSPICIOUS_MOVE = YES;
				CLANG_WARN_UNGUARDED_AVAILABILITY = YES_AGGRESSIVE;
				CLANG_WARN_UNREACHABLE_CODE = YES;
				CLANG_WARN__DUPLICATE_METHOD_MATCH = YES;
				COPY_PHASE_STRIP = NO;
				DEBUG_INFORMATION_FORMAT = "dwarf-with-dsym";
				ENABLE_NS_ASSERTIONS = NO;
				ENABLE_STRICT_OBJC_MSGSEND = YES;
				GCC_C_LANGUAGE_STANDARD = gnu11;
				GCC_NO_COMMON_BLOCKS = YES;
				GCC_WARN_64_TO_32_BIT_CONVERSION = YES;
				GCC_WARN_ABOUT_RETURN_TYPE = YES_ERROR;
				GCC_WARN_UNDECLARED_SELECTOR = YES;
				GCC_WARN_UNINITIALIZED_AUTOS = YES_AGGRESSIVE;
				GCC_WARN_UNUSED_FUNCTION = YES;
				GCC_WARN_UNUSED_VARIABLE = YES;
				IPHONEOS_DEPLOYMENT_TARGET = 13.6;
				MTL_ENABLE_DEBUG_INFO = NO;
				MTL_FAST_MATH = YES;
				SDKROOT = iphoneos;
				SWIFT_COMPILATION_MODE = wholemodule;
				SWIFT_OPTIMIZATION_LEVEL = "-O";
				VALIDATE_PRODUCT = YES;
			};
			name = Release;
		};
		D567D06424F3C4F100039168 /* Debug */ = {
			isa = XCBuildConfiguration;
			buildSettings = {
				ASSETCATALOG_COMPILER_APPICON_NAME = AppIcon;
				CODE_SIGN_IDENTITY = "Apple Development";
				"CODE_SIGN_IDENTITY[sdk=macosx*]" = "-";
				CODE_SIGN_STYLE = Automatic;
				DEVELOPMENT_TEAM = 4P2H6D9L7L;
				INFOPLIST_FILE = "$(SRCROOT)/App_Ilyushkin_Mikhail/Other/Info.plist";
				LD_RUNPATH_SEARCH_PATHS = (
					"$(inherited)",
					"@executable_path/Frameworks",
				);
				PRODUCT_BUNDLE_IDENTIFIER = "com.Ilstud.App-Ilyushkin-Mikhail";
				PRODUCT_NAME = "$(TARGET_NAME)";
				PROVISIONING_PROFILE_SPECIFIER = "";
				"PROVISIONING_PROFILE_SPECIFIER[sdk=macosx*]" = "";
				SUPPORTS_MACCATALYST = YES;
				SWIFT_VERSION = 5.0;
				TARGETED_DEVICE_FAMILY = "1,2";
			};
			name = Debug;
		};
		D567D06524F3C4F100039168 /* Release */ = {
			isa = XCBuildConfiguration;
			buildSettings = {
				ASSETCATALOG_COMPILER_APPICON_NAME = AppIcon;
				CODE_SIGN_IDENTITY = "Apple Development";
				"CODE_SIGN_IDENTITY[sdk=macosx*]" = "-";
				CODE_SIGN_STYLE = Automatic;
				DEVELOPMENT_TEAM = 4P2H6D9L7L;
				INFOPLIST_FILE = "$(SRCROOT)/App_Ilyushkin_Mikhail/Other/Info.plist";
				LD_RUNPATH_SEARCH_PATHS = (
					"$(inherited)",
					"@executable_path/Frameworks",
				);
				PRODUCT_BUNDLE_IDENTIFIER = "com.Ilstud.App-Ilyushkin-Mikhail";
				PRODUCT_NAME = "$(TARGET_NAME)";
				PROVISIONING_PROFILE_SPECIFIER = "";
				"PROVISIONING_PROFILE_SPECIFIER[sdk=macosx*]" = "";
				SUPPORTS_MACCATALYST = YES;
				SWIFT_VERSION = 5.0;
				TARGETED_DEVICE_FAMILY = "1,2";
			};
			name = Release;
		};
/* End XCBuildConfiguration section */

/* Begin XCConfigurationList section */
		D567D04A24F3C4EE00039168 /* Build configuration list for PBXProject "App_Ilyushkin_Mikhail" */ = {
			isa = XCConfigurationList;
			buildConfigurations = (
				D567D06124F3C4F100039168 /* Debug */,
				D567D06224F3C4F100039168 /* Release */,
			);
			defaultConfigurationIsVisible = 0;
			defaultConfigurationName = Release;
		};
		D567D06324F3C4F100039168 /* Build configuration list for PBXNativeTarget "App_Ilyushkin_Mikhail" */ = {
			isa = XCConfigurationList;
			buildConfigurations = (
				D567D06424F3C4F100039168 /* Debug */,
				D567D06524F3C4F100039168 /* Release */,
			);
			defaultConfigurationIsVisible = 0;
			defaultConfigurationName = Release;
		};
/* End XCConfigurationList section */
	};
	rootObject = D567D04724F3C4EE00039168 /* Project object */;
}
